// !$*UTF8*$!
{
	archiveVersion = 1;
	classes = {
	};
	objectVersion = 48;
	objects = {

/* Begin PBXBuildFile section */
		C81AB8A11FA5099C00AE820B /* AppDelegate.swift in Sources */ = {isa = PBXBuildFile; fileRef = C81AB8A01FA5099C00AE820B /* AppDelegate.swift */; };
		C81AB8A31FA5099C00AE820B /* ViewController.swift in Sources */ = {isa = PBXBuildFile; fileRef = C81AB8A21FA5099C00AE820B /* ViewController.swift */; };
		C81AB8A61FA5099C00AE820B /* Main.storyboard in Resources */ = {isa = PBXBuildFile; fileRef = C81AB8A41FA5099C00AE820B /* Main.storyboard */; };
		C81AB8A81FA5099C00AE820B /* Assets.xcassets in Resources */ = {isa = PBXBuildFile; fileRef = C81AB8A71FA5099C00AE820B /* Assets.xcassets */; };
		C81AB8AB1FA5099C00AE820B /* LaunchScreen.storyboard in Resources */ = {isa = PBXBuildFile; fileRef = C81AB8A91FA5099C00AE820B /* LaunchScreen.storyboard */; };
/* End PBXBuildFile section */

/* Begin PBXFileReference section */
		C81AB89D1FA5099C00AE820B /* OpenGoogleMaps.app */ = {isa = PBXFileReference; explicitFileType = wrapper.application; includeInIndex = 0; path = OpenGoogleMaps.app; sourceTree = BUILT_PRODUCTS_DIR; };
		C81AB8A01FA5099C00AE820B /* AppDelegate.swift */ = {isa = PBXFileReference; lastKnownFileType = sourcecode.swift; path = AppDelegate.swift; sourceTree = "<group>"; };
		C81AB8A21FA5099C00AE820B /* ViewController.swift */ = {isa = PBXFileReference; lastKnownFileType = sourcecode.swift; path = ViewController.swift; sourceTree = "<group>"; };
		C81AB8A51FA5099C00AE820B /* Base */ = {isa = PBXFileReference; lastKnownFileType = file.storyboard; name = Base; path = Base.lproj/Main.storyboard; sourceTree = "<group>"; };
		C81AB8A71FA5099C00AE820B /* Assets.xcassets */ = {isa = PBXFileReference; lastKnownFileType = folder.assetcatalog; path = Assets.xcassets; sourceTree = "<group>"; };
		C81AB8AA1FA5099C00AE820B /* Base */ = {isa = PBXFileReference; lastKnownFileType = file.storyboard; name = Base; path = Base.lproj/LaunchScreen.storyboard; sourceTree = "<group>"; };
		C81AB8AC1FA5099C00AE820B /* Info.plist */ = {isa = PBXFileReference; lastKnownFileType = text.plist.xml; path = Info.plist; sourceTree = "<group>"; };
/* End PBXFileReference section */

/* Begin PBXFrameworksBuildPhase section */
		C81AB89A1FA5099C00AE820B /* Frameworks */ = {
			isa = PBXFrameworksBuildPhase;
			buildActionMask = 2147483647;
			files = (
			);
			runOnlyForDeploymentPostprocessing = 0;
		};
/* End PBXFrameworksBuildPhase section */

/* Begin PBXGroup section */
		C81AB8941FA5099C00AE820B = {
			isa = PBXGroup;
			children = (
				C81AB89F1FA5099C00AE820B /* OpenGoogleMaps */,
				C81AB89E1FA5099C00AE820B /* Products */,
			);
			sourceTree = "<group>";
		};
		C81AB89E1FA5099C00AE820B /* Products */ = {
			isa = PBXGroup;
			children = (
				C81AB89D1FA5099C00AE820B /* OpenGoogleMaps.app */,
			);
			name = Products;
			sourceTree = "<group>";
		};
		C81AB89F1FA5099C00AE820B /* OpenGoogleMaps */ = {
			isa = PBXGroup;
			children = (
				C81AB8A01FA5099C00AE820B /* AppDelegate.swift */,
				C81AB8A21FA5099C00AE820B /* ViewController.swift */,
				C81AB8A41FA5099C00AE820B /* Main.storyboard */,
				C81AB8A71FA5099C00AE820B /* Assets.xcassets */,
				C81AB8A91FA5099C00AE820B /* LaunchScreen.storyboard */,
				C81AB8AC1FA5099C00AE820B /* Info.plist */,
			);
			path = OpenGoogleMaps;
			sourceTree = "<group>";
		};
/* End PBXGroup section */

/* Begin PBXNativeTarget section */
		C81AB89C1FA5099C00AE820B /* OpenGoogleMaps */ = {
			isa = PBXNativeTarget;
			buildConfigurationList = C81AB8AF1FA5099C00AE820B /* Build configuration list for PBXNativeTarget "OpenGoogleMaps" */;
			buildPhases = (
				C81AB8991FA5099C00AE820B /* Sources */,
				C81AB89A1FA5099C00AE820B /* Frameworks */,
				C81AB89B1FA5099C00AE820B /* Resources */,
			);
			buildRules = (
			);
			dependencies = (
			);
			name = OpenGoogleMaps;
			productName = OpenGoogleMaps;
			productReference = C81AB89D1FA5099C00AE820B /* OpenGoogleMaps.app */;
			productType = "com.apple.product-type.application";
		};
/* End PBXNativeTarget section */

/* Begin PBXProject section */
		C81AB8951FA5099C00AE820B /* Project object */ = {
			isa = PBXProject;
			attributes = {
				LastSwiftUpdateCheck = 0900;
				LastUpgradeCheck = 0900;
				ORGANIZATIONNAME = "Sanket Ray";
				TargetAttributes = {
					C81AB89C1FA5099C00AE820B = {
						CreatedOnToolsVersion = 9.0.1;
						ProvisioningStyle = Automatic;
					};
				};
			};
			buildConfigurationList = C81AB8981FA5099C00AE820B /* Build configuration list for PBXProject "OpenGoogleMaps" */;
			compatibilityVersion = "Xcode 8.0";
			developmentRegion = en;
			hasScannedForEncodings = 0;
			knownRegions = (
				en,
				Base,
			);
			mainGroup = C81AB8941FA5099C00AE820B;
			productRefGroup = C81AB89E1FA5099C00AE820B /* Products */;
			projectDirPath = "";
			projectRoot = "";
			targets = (
				C81AB89C1FA5099C00AE820B /* OpenGoogleMaps */,
			);
		};
/* End PBXProject section */

/* Begin PBXResourcesBuildPhase section */
		C81AB89B1FA5099C00AE820B /* Resources */ = {
			isa = PBXResourcesBuildPhase;
			buildActionMask = 2147483647;
			files = (
				C81AB8AB1FA5099C00AE820B /* LaunchScreen.storyboard in Resources */,
				C81AB8A81FA5099C00AE820B /* Assets.xcassets in Resources */,
				C81AB8A61FA5099C00AE820B /* Main.storyboard in Resources */,
			);
			runOnlyForDeploymentPostprocessing = 0;
		};
/* End PBXResourcesBuildPhase section */

/* Begin PBXSourcesBuildPhase section */
		C81AB8991FA5099C00AE820B /* Sources */ = {
			isa = PBXSourcesBuildPhase;
			buildActionMask = 2147483647;
			files = (
				C81AB8A31FA5099C00AE820B /* ViewController.swift in Sources */,
				C81AB8A11FA5099C00AE820B /* AppDelegate.swift in Sources */,
			);
			runOnlyForDeploymentPostprocessing = 0;
		};
/* End PBXSourcesBuildPhase section */

/* Begin PBXVariantGroup section */
		C81AB8A41FA5099C00AE820B /* Main.storyboard */ = {
			isa = PBXVariantGroup;
			children = (
				C81AB8A51FA5099C00AE820B /* Base */,
			);
			name = Main.storyboard;
			sourceTree = "<group>";
		};
		C81AB8A91FA5099C00AE820B /* LaunchScreen.storyboard */ = {
			isa = PBXVariantGroup;
			children = (
				C81AB8AA1FA5099C00AE820B /* Base */,
			);
			name = LaunchScreen.storyboard;
			sourceTree = "<group>";
		};
/* End PBXVariantGroup section */

/* Begin XCBuildConfiguration section */
		C81AB8AD1FA5099C00AE820B /* Debug */ = {
			isa = XCBuildConfiguration;
			buildSettings = {
				ALWAYS_SEARCH_USER_PATHS = NO;
				CLANG_ANALYZER_NONNULL = YES;
				CLANG_ANALYZER_NUMBER_OBJECT_CONVERSION = YES_AGGRESSIVE;
				CLANG_CXX_LANGUAGE_STANDARD = "gnu++14";
				CLANG_CXX_LIBRARY = "libc++";
				CLANG_ENABLE_MODULES = YES;
				CLANG_ENABLE_OBJC_ARC = YES;
				CLANG_WARN_BLOCK_CAPTURE_AUTORELEASING = YES;
				CLANG_WARN_BOOL_CONVERSION = YES;
				CLANG_WARN_COMMA = YES;
				CLANG_WARN_CONSTANT_CONVERSION = YES;
				CLANG_WARN_DIRECT_OBJC_ISA_USAGE = YES_ERROR;
				CLANG_WARN_DOCUMENTATION_COMMENTS = YES;
				CLANG_WARN_EMPTY_BODY = YES;
				CLANG_WARN_ENUM_CONVERSION = YES;
				CLANG_WARN_INFINITE_RECURSION = YES;
				CLANG_WARN_INT_CONVERSION = YES;
				CLANG_WARN_NON_LITERAL_NULL_CONVERSION = YES;
				CLANG_WARN_OBJC_LITERAL_CONVERSION = YES;
				CLANG_WARN_OBJC_ROOT_CLASS = YES_ERROR;
				CLANG_WARN_RANGE_LOOP_ANALYSIS = YES;
				CLANG_WARN_STRICT_PROTOTYPES = YES;
				CLANG_WARN_SUSPICIOUS_MOVE = YES;
				CLANG_WARN_UNGUARDED_AVAILABILITY = YES_AGGRESSIVE;
				CLANG_WARN_UNREACHABLE_CODE = YES;
				CLANG_WARN__DUPLICATE_METHOD_MATCH = YES;
				CODE_SIGN_IDENTITY = "iPhone Developer";
				COPY_PHASE_STRIP = NO;
				DEBUG_INFORMATION_FORMAT = dwarf;
				ENABLE_STRICT_OBJC_MSGSEND = YES;
				ENABLE_TESTABILITY = YES;
				GCC_C_LANGUAGE_STANDARD = gnu11;
				GCC_DYNAMIC_NO_PIC = NO;
				GCC_NO_COMMON_BLOCKS = YES;
				GCC_OPTIMIZATION_LEVEL = 0;
				GCC_PREPROCESSOR_DEFINITIONS = (
					"DEBUG=1",
					"$(inherited)",
				);
				GCC_WARN_64_TO_32_BIT_CONVERSION = YES;
				GCC_WARN_ABOUT_RETURN_TYPE = YES_ERROR;
				GCC_WARN_UNDECLARED_SELECTOR = YES;
				GCC_WARN_UNINITIALIZED_AUTOS = YES_AGGRESSIVE;
				GCC_WARN_UNUSED_FUNCTION = YES;
				GCC_WARN_UNUSED_VARIABLE = YES;
				IPHONEOS_DEPLOYMENT_TARGET = 11.0;
				MTL_ENABLE_DEBUG_INFO = YES;
				ONLY_ACTIVE_ARCH = YES;
				SDKROOT = iphoneos;
				SWIFT_ACTIVE_COMPILATION_CONDITIONS = DEBUG;
				SWIFT_OPTIMIZATION_LEVEL = "-Onone";
			};
			name = Debug;
		};
		C81AB8AE1FA5099C00AE820B /* Release */ = {
			isa = XCBuildConfiguration;
			buildSettings = {
				ALWAYS_SEARCH_USER_PATHS = NO;
				CLANG_ANALYZER_NONNULL = YES;
				CLANG_ANALYZER_NUMBER_OBJECT_CONVERSION = YES_AGGRESSIVE;
				CLANG_CXX_LANGUAGE_STANDARD = "gnu++14";
				CLANG_CXX_LIBRARY = "libc++";
				CLANG_ENABLE_MODULES = YES;
				CLANG_ENABLE_OBJC_ARC = YES;
				CLANG_WARN_BLOCK_CAPTURE_AUTORELEASING = YES;
				CLANG_WARN_BOOL_CONVERSION = YES;
				CLANG_WARN_COMMA = YES;
				CLANG_WARN_CONSTANT_CONVERSION = YES;
				CLANG_WARN_DIRECT_OBJC_ISA_USAGE = YES_ERROR;
				CLANG_WARN_DOCUMENTATION_COMMENTS = YES;
				CLANG_WARN_EMPTY_BODY = YES;
				CLANG_WARN_ENUM_CONVERSION = YES;
				CLANG_WARN_INFINITE_RECURSION = YES;
				CLANG_WARN_INT_CONVERSION = YES;
				CLANG_WARN_NON_LITERAL_NULL_CONVERSION = YES;
				CLANG_WARN_OBJC_LITERAL_CONVERSION = YES;
				CLANG_WARN_OBJC_ROOT_CLASS = YES_ERROR;
				CLANG_WARN_RANGE_LOOP_ANALYSIS = YES;
				CLANG_WARN_STRICT_PROTOTYPES = YES;
				CLANG_WARN_SUSPICIOUS_MOVE = YES;
				CLANG_WARN_UNGUARDED_AVAILABILITY = YES_AGGRESSIVE;
				CLANG_WARN_UNREACHABLE_CODE = YES;
				CLANG_WARN__DUPLICATE_METHOD_MATCH = YES;
				CODE_SIGN_IDENTITY = "iPhone Developer";
				COPY_PHASE_STRIP = NO;
				DEBUG_INFORMATION_FORMAT = "dwarf-with-dsym";
				ENABLE_NS_ASSERTIONS = NO;
				ENABLE_STRICT_OBJC_MSGSEND = YES;
				GCC_C_LANGUAGE_STANDARD = gnu11;
				GCC_NO_COMMON_BLOCKS = YES;
				GCC_WARN_64_TO_32_BIT_CONVERSION = YES;
				GCC_WARN_ABOUT_RETURN_TYPE = YES_ERROR;
				GCC_WARN_UNDECLARED_SELECTOR = YES;
				GCC_WARN_UNINITIALIZED_AUTOS = YES_AGGRESSIVE;
				GCC_WARN_UNUSED_FUNCTION = YES;
				GCC_WARN_UNUSED_VARIABLE = YES;
				IPHONEOS_DEPLOYMENT_TARGET = 11.0;
				MTL_ENABLE_DEBUG_INFO = NO;
				SDKROOT = iphoneos;
				SWIFT_OPTIMIZATION_LEVEL = "-Owholemodule";
				VALIDATE_PRODUCT = YES;
			};
			name = Release;
		};
		C81AB8B01FA5099C00AE820B /* Debug */ = {
			isa = XCBuildConfiguration;
			buildSettings = {
				ASSETCATALOG_COMPILER_APPICON_NAME = AppIcon;
				CODE_SIGN_STYLE = Automatic;
				DEVELOPMENT_TEAM = J4H33JVA49;
				INFOPLIST_FILE = OpenGoogleMaps/Info.plist;
				LD_RUNPATH_SEARCH_PATHS = "$(inherited) @executable_path/Frameworks";
				PRODUCT_BUNDLE_IDENTIFIER = Chingel.safeApp;
				PRODUCT_NAME = "$(TARGET_NAME)";
				SWIFT_VERSION = 4.0;
				TARGETED_DEVICE_FAMILY = "1,2";
			};
			name = Debug;
		};
		C81AB8B11FA5099C00AE820B /* Release */ = {
			isa = XCBuildConfiguration;
			buildSettings = {
				ASSETCATALOG_COMPILER_APPICON_NAME = AppIcon;
				CODE_SIGN_STYLE = Automatic;
				DEVELOPMENT_TEAM = J4H33JVA49;
				INFOPLIST_FILE = OpenGoogleMaps/Info.plist;
				LD_RUNPATH_SEARCH_PATHS = "$(inherited) @executable_path/Frameworks";
				PRODUCT_BUNDLE_IDENTIFIER = Chingel.safeApp;
				PRODUCT_NAME = "$(TARGET_NAME)";
				SWIFT_VERSION = 4.0;
				TARGETED_DEVICE_FAMILY = "1,2";
			};
			name = Release;
		};
/* End XCBuildConfiguration section */

/* Begin XCConfigurationList section */
		C81AB8981FA5099C00AE820B /* Build configuration list for PBXProject "OpenGoogleMaps" */ = {
			isa = XCConfigurationList;
			buildConfigurations = (
				C81AB8AD1FA5099C00AE820B /* Debug */,
				C81AB8AE1FA5099C00AE820B /* Release */,
			);
			defaultConfigurationIsVisible = 0;
			defaultConfigurationName = Release;
		};
		C81AB8AF1FA5099C00AE820B /* Build configuration list for PBXNativeTarget "OpenGoogleMaps" */ = {
			isa = XCConfigurationList;
			buildConfigurations = (
				C81AB8B01FA5099C00AE820B /* Debug */,
				C81AB8B11FA5099C00AE820B /* Release */,
			);
			defaultConfigurationIsVisible = 0;
			defaultConfigurationName = Release;
		};
/* End XCConfigurationList section */
	};
	rootObject = C81AB8951FA5099C00AE820B /* Project object */;
}
